PODS:
  - Crashlytics (3.11.1):
    - Fabric (~> 1.8.1)
  - Fabric (1.8.2)
  - FontAwesomeKit/Core (2.2.1)
  - FontAwesomeKit/IonIcons (2.2.1):
    - FontAwesomeKit/Core
  - Kingfisher (4.10.1)
  - Reusable (4.0.4):
    - Reusable/Storyboard (= 4.0.4)
    - Reusable/View (= 4.0.4)
  - Reusable/Storyboard (4.0.4)
  - Reusable/View (4.0.4)
  - SnapKit (4.2.0)
  - zipzap (8.1.1)

DEPENDENCIES:
  - Crashlytics
  - Fabric
  - FontAwesomeKit/IonIcons
  - Kingfisher
  - Reusable
  - SnapKit
  - zipzap

SPEC REPOS:
  https://github.com/cocoapods/specs.git:
    - Crashlytics
    - Fabric
    - FontAwesomeKit
    - Kingfisher
    - Reusable
    - SnapKit
    - zipzap

SPEC CHECKSUMS:
  Crashlytics: ca7ab4bc304aa216bdc2e4c1a96389ee77252203
  Fabric: d2b22f443ba195d8a7cc204da230977c72733b40
  FontAwesomeKit: 3614979b3dbb0ec3f7fac1bd760b91f66c31db67
  Kingfisher: c148cd7b47ebde9989f6bc7c27dcaa79d81279a0
  Reusable: 7fc772097df3e5fc86f59d8a7af9708e49b5ff55
  SnapKit: fe8a619752f3f27075cc9a90244d75c6c3f27e2a
  zipzap: 940162d9c9c60472c2eab341385e4214da0fdf1c

PODFILE CHECKSUM: ab4e5660632bd0e74c33972356a897bb1bbe4c17

COCOAPODS: 1.5.3
