// !$*UTF8*$!
{
	archiveVersion = 1;
	classes = {
	};
	objectVersion = 77;
	objects = {

/* Begin PBXBuildFile section */
		149A68A051EEC5DE55C41726 /* InspectFeature in Frameworks */ = {isa = PBXBuildFile; productRef = 47499D661DAE6DD051395E9C /* InspectFeature */; };
		B40CDEBC7C161D4F0109E75E /* InspectApp.swift in Sources */ = {isa = PBXBuildFile; fileRef = 896956DE6C4F80A54C33ED40 /* InspectApp.swift */; };
		C00EB3D892FADC954D698303 /* Assets.xcassets in Resources */ = {isa = PBXBuildFile; fileRef = B1ED535C6A89AD00E21D35D3 /* Assets.xcassets */; };
		C9B22D337FAA4FFBE3AB56BC /* InspectActionExtension.appex in Embed Foundation Extensions */ = {isa = PBXBuildFile; fileRef = 6E9684C48D704B8F6A48B44B /* InspectActionExtension.appex */; settings = {ATTRIBUTES = (RemoveHeadersOnCopy, ); }; };
		CE92D7733462F3F6165A6B12 /* InspectFeature in Frameworks */ = {isa = PBXBuildFile; productRef = FA7D1000313E3A4F90A8865C /* InspectFeature */; };
		E7B3F8E322685F2288EA5157 /* LaunchScreen.storyboard in Resources */ = {isa = PBXBuildFile; fileRef = 38B8AB0BAF46F32AED0FFD36 /* LaunchScreen.storyboard */; };
		F774817F1DF7202EE019F75A /* ActionViewController.swift in Sources */ = {isa = PBXBuildFile; fileRef = 54399DEB27D057EEBE91D7E1 /* ActionViewController.swift */; };
		FC4553A5682CE0023D8B689E /* Assets.xcassets in Resources */ = {isa = PBXBuildFile; fileRef = 114F415DC364422899E829AD /* Assets.xcassets */; };
/* End PBXBuildFile section */

/* Begin PBXContainerItemProxy section */
		77C74A6C01585857CA0646B4 /* PBXContainerItemProxy */ = {
			isa = PBXContainerItemProxy;
			containerPortal = 5EF7AFAD005F16AD88DCB1C9 /* Project object */;
			proxyType = 1;
			remoteGlobalIDString = A395A8FB651D2C69F586341C;
			remoteInfo = InspectActionExtension;
		};
/* End PBXContainerItemProxy section */

/* Begin PBXCopyFilesBuildPhase section */
		E1CC0B0C71CE361974AD2E3B /* Embed Foundation Extensions */ = {
			isa = PBXCopyFilesBuildPhase;
			buildActionMask = 2147483647;
			dstPath = "";
			dstSubfolderSpec = 13;
			files = (
				C9B22D337FAA4FFBE3AB56BC /* InspectActionExtension.appex in Embed Foundation Extensions */,
			);
			name = "Embed Foundation Extensions";
			runOnlyForDeploymentPostprocessing = 0;
		};
/* End PBXCopyFilesBuildPhase section */

/* Begin PBXFileReference section */
		114F415DC364422899E829AD /* Assets.xcassets */ = {isa = PBXFileReference; lastKnownFileType = folder.assetcatalog; path = Assets.xcassets; sourceTree = "<group>"; };
		34860A3DC93E3B5B47F0B05B /* InspectCore */ = {isa = PBXFileReference; lastKnownFileType = folder; name = InspectCore; path = Packages/InspectCore; sourceTree = SOURCE_ROOT; };
		38B8AB0BAF46F32AED0FFD36 /* LaunchScreen.storyboard */ = {isa = PBXFileReference; lastKnownFileType = file.storyboard; path = LaunchScreen.storyboard; sourceTree = "<group>"; };
		54399DEB27D057EEBE91D7E1 /* ActionViewController.swift */ = {isa = PBXFileReference; lastKnownFileType = sourcecode.swift; path = ActionViewController.swift; sourceTree = "<group>"; };
		6E9684C48D704B8F6A48B44B /* InspectActionExtension.appex */ = {isa = PBXFileReference; includeInIndex = 0; lastKnownFileType = "wrapper.app-extension"; path = InspectActionExtension.appex; sourceTree = BUILT_PRODUCTS_DIR; };
		896956DE6C4F80A54C33ED40 /* InspectApp.swift */ = {isa = PBXFileReference; lastKnownFileType = sourcecode.swift; path = InspectApp.swift; sourceTree = "<group>"; };
		AAA869A7EAED3AE014E0B640 /* Inspect.app */ = {isa = PBXFileReference; includeInIndex = 0; lastKnownFileType = wrapper.application; path = Inspect.app; sourceTree = BUILT_PRODUCTS_DIR; };
		B1ED535C6A89AD00E21D35D3 /* Assets.xcassets */ = {isa = PBXFileReference; lastKnownFileType = folder.assetcatalog; path = Assets.xcassets; sourceTree = "<group>"; };
		D2434831C88335BE156868E9 /* Project.xcconfig */ = {isa = PBXFileReference; lastKnownFileType = text.xcconfig; path = Project.xcconfig; sourceTree = "<group>"; };
/* End PBXFileReference section */

/* Begin PBXFrameworksBuildPhase section */
		203A4EC230CEACEC979D4197 /* Frameworks */ = {
			isa = PBXFrameworksBuildPhase;
			buildActionMask = 2147483647;
			files = (
				CE92D7733462F3F6165A6B12 /* InspectFeature in Frameworks */,
			);
			runOnlyForDeploymentPostprocessing = 0;
		};
		DEFC4937B05F6A92355CF275 /* Frameworks */ = {
			isa = PBXFrameworksBuildPhase;
			buildActionMask = 2147483647;
			files = (
				149A68A051EEC5DE55C41726 /* InspectFeature in Frameworks */,
			);
			runOnlyForDeploymentPostprocessing = 0;
		};
/* End PBXFrameworksBuildPhase section */

/* Begin PBXGroup section */
		0F03ED4FFED1AEC76F8925E9 /* Configs */ = {
			isa = PBXGroup;
			children = (
				D2434831C88335BE156868E9 /* Project.xcconfig */,
			);
			path = Configs;
			sourceTree = "<group>";
		};
		22F658AED4E3311FF1E98B52 /* Products */ = {
			isa = PBXGroup;
			children = (
				AAA869A7EAED3AE014E0B640 /* Inspect.app */,
				6E9684C48D704B8F6A48B44B /* InspectActionExtension.appex */,
			);
			name = Products;
			sourceTree = "<group>";
		};
		33D50711A45B165CBDE343A6 /* Resources */ = {
			isa = PBXGroup;
			children = (
				B1ED535C6A89AD00E21D35D3 /* Assets.xcassets */,
				38B8AB0BAF46F32AED0FFD36 /* LaunchScreen.storyboard */,
			);
			path = Resources;
			sourceTree = "<group>";
		};
		42286EE0AC03CBF306EDA3CF /* Extension */ = {
			isa = PBXGroup;
			children = (
				F6F8D4C7E0EE2B2B7963E630 /* Resources */,
				BCCBF9DDD9EBE50DAB002DB5 /* Sources */,
			);
			path = Extension;
			sourceTree = "<group>";
		};
		98956A3414ED9F4D70E9C02F = {
			isa = PBXGroup;
			children = (
				B85F193AFF6D0911033D5CA2 /* App */,
				0F03ED4FFED1AEC76F8925E9 /* Configs */,
				42286EE0AC03CBF306EDA3CF /* Extension */,
				A3E935615329DAA2F15B01DE /* Packages */,
				22F658AED4E3311FF1E98B52 /* Products */,
			);
			sourceTree = "<group>";
		};
		A32FB944BC5B366D221F4660 /* Sources */ = {
			isa = PBXGroup;
			children = (
				896956DE6C4F80A54C33ED40 /* InspectApp.swift */,
			);
			path = Sources;
			sourceTree = "<group>";
		};
		A3E935615329DAA2F15B01DE /* Packages */ = {
			isa = PBXGroup;
			children = (
				34860A3DC93E3B5B47F0B05B /* InspectCore */,
			);
			path = Packages;
			sourceTree = "<group>";
		};
		B85F193AFF6D0911033D5CA2 /* App */ = {
			isa = PBXGroup;
			children = (
				33D50711A45B165CBDE343A6 /* Resources */,
				A32FB944BC5B366D221F4660 /* Sources */,
			);
			path = App;
			sourceTree = "<group>";
		};
		BCCBF9DDD9EBE50DAB002DB5 /* Sources */ = {
			isa = PBXGroup;
			children = (
				54399DEB27D057EEBE91D7E1 /* ActionViewController.swift */,
			);
			path = Sources;
			sourceTree = "<group>";
		};
		F6F8D4C7E0EE2B2B7963E630 /* Resources */ = {
			isa = PBXGroup;
			children = (
				114F415DC364422899E829AD /* Assets.xcassets */,
			);
			path = Resources;
			sourceTree = "<group>";
		};
/* End PBXGroup section */

/* Begin PBXNativeTarget section */
		A395A8FB651D2C69F586341C /* InspectActionExtension */ = {
			isa = PBXNativeTarget;
			buildConfigurationList = 1ADD4EA17CD59A9FF7F0A655 /* Build configuration list for PBXNativeTarget "InspectActionExtension" */;
			buildPhases = (
				5AED1352EDA30939C8387B21 /* Sources */,
				6DC6D06C3497AB5C3F9ECE38 /* Resources */,
				DEFC4937B05F6A92355CF275 /* Frameworks */,
			);
			buildRules = (
			);
			dependencies = (
			);
			name = InspectActionExtension;
			packageProductDependencies = (
				47499D661DAE6DD051395E9C /* InspectFeature */,
			);
			productName = InspectActionExtension;
			productReference = 6E9684C48D704B8F6A48B44B /* InspectActionExtension.appex */;
			productType = "com.apple.product-type.app-extension";
		};
		B9ECCC243C5A1194AAC607AF /* Inspect */ = {
			isa = PBXNativeTarget;
			buildConfigurationList = DAA7C06BB8F3B4AC4038239A /* Build configuration list for PBXNativeTarget "Inspect" */;
			buildPhases = (
				EE56BA8567D53987003594BB /* Sources */,
				C529472E742049127E1BA465 /* Resources */,
				203A4EC230CEACEC979D4197 /* Frameworks */,
				E1CC0B0C71CE361974AD2E3B /* Embed Foundation Extensions */,
			);
			buildRules = (
			);
			dependencies = (
				1B8B51361C5F88E76722DF8F /* PBXTargetDependency */,
			);
			name = Inspect;
			packageProductDependencies = (
				FA7D1000313E3A4F90A8865C /* InspectFeature */,
			);
			productName = Inspect;
			productReference = AAA869A7EAED3AE014E0B640 /* Inspect.app */;
			productType = "com.apple.product-type.application";
		};
/* End PBXNativeTarget section */

/* Begin PBXProject section */
		5EF7AFAD005F16AD88DCB1C9 /* Project object */ = {
			isa = PBXProject;
			attributes = {
				BuildIndependentTargetsInParallel = YES;
				LastUpgradeCheck = 1430;
			};
			buildConfigurationList = C4569896782F64ABE15ECFA8 /* Build configuration list for PBXProject "Inspect" */;
			compatibilityVersion = "Xcode 14.0";
			developmentRegion = en;
			hasScannedForEncodings = 0;
			knownRegions = (
				Base,
				en,
			);
			mainGroup = 98956A3414ED9F4D70E9C02F;
			minimizedProjectReferenceProxies = 1;
			packageReferences = (
				081359CC976266BC20CD3095 /* XCLocalSwiftPackageReference "Packages/InspectCore" */,
			);
			preferredProjectObjectVersion = 77;
			projectDirPath = "";
			projectRoot = "";
			targets = (
				B9ECCC243C5A1194AAC607AF /* Inspect */,
				A395A8FB651D2C69F586341C /* InspectActionExtension */,
			);
		};
/* End PBXProject section */

/* Begin PBXResourcesBuildPhase section */
		6DC6D06C3497AB5C3F9ECE38 /* Resources */ = {
			isa = PBXResourcesBuildPhase;
			buildActionMask = 2147483647;
			files = (
				FC4553A5682CE0023D8B689E /* Assets.xcassets in Resources */,
			);
			runOnlyForDeploymentPostprocessing = 0;
		};
		C529472E742049127E1BA465 /* Resources */ = {
			isa = PBXResourcesBuildPhase;
			buildActionMask = 2147483647;
			files = (
				C00EB3D892FADC954D698303 /* Assets.xcassets in Resources */,
				E7B3F8E322685F2288EA5157 /* LaunchScreen.storyboard in Resources */,
			);
			runOnlyForDeploymentPostprocessing = 0;
		};
/* End PBXResourcesBuildPhase section */

/* Begin PBXSourcesBuildPhase section */
		5AED1352EDA30939C8387B21 /* Sources */ = {
			isa = PBXSourcesBuildPhase;
			buildActionMask = 2147483647;
			files = (
				F774817F1DF7202EE019F75A /* ActionViewController.swift in Sources */,
			);
			runOnlyForDeploymentPostprocessing = 0;
		};
		EE56BA8567D53987003594BB /* Sources */ = {
			isa = PBXSourcesBuildPhase;
			buildActionMask = 2147483647;
			files = (
				B40CDEBC7C161D4F0109E75E /* InspectApp.swift in Sources */,
			);
			runOnlyForDeploymentPostprocessing = 0;
		};
/* End PBXSourcesBuildPhase section */

/* Begin PBXTargetDependency section */
		1B8B51361C5F88E76722DF8F /* PBXTargetDependency */ = {
			isa = PBXTargetDependency;
			target = A395A8FB651D2C69F586341C /* InspectActionExtension */;
			targetProxy = 77C74A6C01585857CA0646B4 /* PBXContainerItemProxy */;
		};
/* End PBXTargetDependency section */

/* Begin XCBuildConfiguration section */
		52F1216B65214D84237A311F /* Debug */ = {
			isa = XCBuildConfiguration;
			baseConfigurationReference = D2434831C88335BE156868E9 /* Project.xcconfig */;
			buildSettings = {
				ALWAYS_SEARCH_USER_PATHS = NO;
				CLANG_ANALYZER_NONNULL = YES;
				CLANG_ANALYZER_NUMBER_OBJECT_CONVERSION = YES_AGGRESSIVE;
				CLANG_CXX_LANGUAGE_STANDARD = "gnu++14";
				CLANG_CXX_LIBRARY = "libc++";
				CLANG_ENABLE_MODULES = YES;
				CLANG_ENABLE_OBJC_ARC = YES;
				CLANG_ENABLE_OBJC_WEAK = YES;
				CLANG_WARN_BLOCK_CAPTURE_AUTORELEASING = YES;
				CLANG_WARN_BOOL_CONVERSION = YES;
				CLANG_WARN_COMMA = YES;
				CLANG_WARN_CONSTANT_CONVERSION = YES;
				CLANG_WARN_DEPRECATED_OBJC_IMPLEMENTATIONS = YES;
				CLANG_WARN_DIRECT_OBJC_ISA_USAGE = YES_ERROR;
				CLANG_WARN_DOCUMENTATION_COMMENTS = YES;
				CLANG_WARN_EMPTY_BODY = YES;
				CLANG_WARN_ENUM_CONVERSION = YES;
				CLANG_WARN_INFINITE_RECURSION = YES;
				CLANG_WARN_INT_CONVERSION = YES;
				CLANG_WARN_NON_LITERAL_NULL_CONVERSION = YES;
				CLANG_WARN_OBJC_IMPLICIT_RETAIN_SELF = YES;
				CLANG_WARN_OBJC_LITERAL_CONVERSION = YES;
				CLANG_WARN_OBJC_ROOT_CLASS = YES_ERROR;
				CLANG_WARN_QUOTED_INCLUDE_IN_FRAMEWORK_HEADER = YES;
				CLANG_WARN_RANGE_LOOP_ANALYSIS = YES;
				CLANG_WARN_STRICT_PROTOTYPES = YES;
				CLANG_WARN_SUSPICIOUS_MOVE = YES;
				CLANG_WARN_UNGUARDED_AVAILABILITY = YES_AGGRESSIVE;
				CLANG_WARN_UNREACHABLE_CODE = YES;
				CLANG_WARN__DUPLICATE_METHOD_MATCH = YES;
				COPY_PHASE_STRIP = NO;
				CURRENT_PROJECT_VERSION = 72;
				DEBUG_INFORMATION_FORMAT = dwarf;
				ENABLE_STRICT_OBJC_MSGSEND = YES;
				ENABLE_TESTABILITY = YES;
				GCC_C_LANGUAGE_STANDARD = gnu11;
				GCC_DYNAMIC_NO_PIC = NO;
				GCC_NO_COMMON_BLOCKS = YES;
				GCC_OPTIMIZATION_LEVEL = 0;
				GCC_PREPROCESSOR_DEFINITIONS = (
					"$(inherited)",
					"DEBUG=1",
				);
				GCC_WARN_64_TO_32_BIT_CONVERSION = YES;
				GCC_WARN_ABOUT_RETURN_TYPE = YES_ERROR;
				GCC_WARN_UNDECLARED_SELECTOR = YES;
				GCC_WARN_UNINITIALIZED_AUTOS = YES_AGGRESSIVE;
				GCC_WARN_UNUSED_FUNCTION = YES;
				GCC_WARN_UNUSED_VARIABLE = YES;
				IPHONEOS_DEPLOYMENT_TARGET = 18.0;
				MARKETING_VERSION = 2.2;
				MTL_ENABLE_DEBUG_INFO = INCLUDE_SOURCE;
				MTL_FAST_MATH = YES;
				ONLY_ACTIVE_ARCH = YES;
				PRODUCT_NAME = "$(TARGET_NAME)";
				SDKROOT = iphoneos;
				SWIFT_ACTIVE_COMPILATION_CONDITIONS = DEBUG;
				SWIFT_OPTIMIZATION_LEVEL = "-Onone";
				SWIFT_VERSION = 6.0;
				TARGETED_DEVICE_FAMILY = "1,2";
			};
			name = Debug;
		};
		61AD09A1BE7637ACAC929A34 /* Release */ = {
			isa = XCBuildConfiguration;
			baseConfigurationReference = D2434831C88335BE156868E9 /* Project.xcconfig */;
			buildSettings = {
				ALWAYS_SEARCH_USER_PATHS = NO;
				CLANG_ANALYZER_NONNULL = YES;
				CLANG_ANALYZER_NUMBER_OBJECT_CONVERSION = YES_AGGRESSIVE;
				CLANG_CXX_LANGUAGE_STANDARD = "gnu++14";
				CLANG_CXX_LIBRARY = "libc++";
				CLANG_ENABLE_MODULES = YES;
				CLANG_ENABLE_OBJC_ARC = YES;
				CLANG_ENABLE_OBJC_WEAK = YES;
				CLANG_WARN_BLOCK_CAPTURE_AUTORELEASING = YES;
				CLANG_WARN_BOOL_CONVERSION = YES;
				CLANG_WARN_COMMA = YES;
				CLANG_WARN_CONSTANT_CONVERSION = YES;
				CLANG_WARN_DEPRECATED_OBJC_IMPLEMENTATIONS = YES;
				CLANG_WARN_DIRECT_OBJC_ISA_USAGE = YES_ERROR;
				CLANG_WARN_DOCUMENTATION_COMMENTS = YES;
				CLANG_WARN_EMPTY_BODY = YES;
				CLANG_WARN_ENUM_CONVERSION = YES;
				CLANG_WARN_INFINITE_RECURSION = YES;
				CLANG_WARN_INT_CONVERSION = YES;
				CLANG_WARN_NON_LITERAL_NULL_CONVERSION = YES;
				CLANG_WARN_OBJC_IMPLICIT_RETAIN_SELF = YES;
				CLANG_WARN_OBJC_LITERAL_CONVERSION = YES;
				CLANG_WARN_OBJC_ROOT_CLASS = YES_ERROR;
				CLANG_WARN_QUOTED_INCLUDE_IN_FRAMEWORK_HEADER = YES;
				CLANG_WARN_RANGE_LOOP_ANALYSIS = YES;
				CLANG_WARN_STRICT_PROTOTYPES = YES;
				CLANG_WARN_SUSPICIOUS_MOVE = YES;
				CLANG_WARN_UNGUARDED_AVAILABILITY = YES_AGGRESSIVE;
				CLANG_WARN_UNREACHABLE_CODE = YES;
				CLANG_WARN__DUPLICATE_METHOD_MATCH = YES;
				COPY_PHASE_STRIP = NO;
				CURRENT_PROJECT_VERSION = 72;
				DEBUG_INFORMATION_FORMAT = "dwarf-with-dsym";
				ENABLE_NS_ASSERTIONS = NO;
				ENABLE_STRICT_OBJC_MSGSEND = YES;
				GCC_C_LANGUAGE_STANDARD = gnu11;
				GCC_NO_COMMON_BLOCKS = YES;
				GCC_WARN_64_TO_32_BIT_CONVERSION = YES;
				GCC_WARN_ABOUT_RETURN_TYPE = YES_ERROR;
				GCC_WARN_UNDECLARED_SELECTOR = YES;
				GCC_WARN_UNINITIALIZED_AUTOS = YES_AGGRESSIVE;
				GCC_WARN_UNUSED_FUNCTION = YES;
				GCC_WARN_UNUSED_VARIABLE = YES;
				IPHONEOS_DEPLOYMENT_TARGET = 18.0;
				MARKETING_VERSION = 2.2;
				MTL_ENABLE_DEBUG_INFO = NO;
				MTL_FAST_MATH = YES;
				PRODUCT_NAME = "$(TARGET_NAME)";
				SDKROOT = iphoneos;
				SWIFT_COMPILATION_MODE = wholemodule;
				SWIFT_OPTIMIZATION_LEVEL = "-O";
				SWIFT_VERSION = 6.0;
				TARGETED_DEVICE_FAMILY = "1,2";
			};
			name = Release;
		};
		95A0A623BEF737B6A64C4CCC /* Release */ = {
			isa = XCBuildConfiguration;
			buildSettings = {
				ASSETCATALOG_COMPILER_APPICON_NAME = ExtensionIcon;
				GENERATE_INFOPLIST_FILE = NO;
				INFOPLIST_FILE = Extension/Resources/Info.plist;
				LD_RUNPATH_SEARCH_PATHS = (
					"$(inherited)",
					"@executable_path/Frameworks",
					"@executable_path/../../Frameworks",
				);
				PRODUCT_BUNDLE_IDENTIFIER = in.fourplex.Inspect.ActionExtension;
				SDKROOT = iphoneos;
				SKIP_INSTALL = YES;
				TARGETED_DEVICE_FAMILY = "1,2";
			};
			name = Release;
		};
		D5DA98C112B044F1803A577C /* Debug */ = {
			isa = XCBuildConfiguration;
			buildSettings = {
				ASSETCATALOG_COMPILER_APPICON_NAME = AppIcon;
				CODE_SIGN_IDENTITY = "iPhone Developer";
				GENERATE_INFOPLIST_FILE = NO;
				INFOPLIST_FILE = App/Resources/Info.plist;
				LD_RUNPATH_SEARCH_PATHS = (
					"$(inherited)",
					"@executable_path/Frameworks",
				);
				PRODUCT_BUNDLE_IDENTIFIER = in.fourplex.Inspect;
				SDKROOT = iphoneos;
				TARGETED_DEVICE_FAMILY = "1,2";
			};
			name = Debug;
		};
		DC7BFC14D2A893248FF72CA5 /* Release */ = {
			isa = XCBuildConfiguration;
			buildSettings = {
				ASSETCATALOG_COMPILER_APPICON_NAME = AppIcon;
				CODE_SIGN_IDENTITY = "iPhone Developer";
				GENERATE_INFOPLIST_FILE = NO;
				INFOPLIST_FILE = App/Resources/Info.plist;
				LD_RUNPATH_SEARCH_PATHS = (
					"$(inherited)",
					"@executable_path/Frameworks",
				);
				PRODUCT_BUNDLE_IDENTIFIER = in.fourplex.Inspect;
				SDKROOT = iphoneos;
				TARGETED_DEVICE_FAMILY = "1,2";
			};
			name = Release;
		};
		FE031914D6CBAC5550D0E597 /* Debug */ = {
			isa = XCBuildConfiguration;
			buildSettings = {
				ASSETCATALOG_COMPILER_APPICON_NAME = ExtensionIcon;
				GENERATE_INFOPLIST_FILE = NO;
				INFOPLIST_FILE = Extension/Resources/Info.plist;
				LD_RUNPATH_SEARCH_PATHS = (
					"$(inherited)",
					"@executable_path/Frameworks",
					"@executable_path/../../Frameworks",
				);
				PRODUCT_BUNDLE_IDENTIFIER = in.fourplex.Inspect.ActionExtension;
				SDKROOT = iphoneos;
				SKIP_INSTALL = YES;
				TARGETED_DEVICE_FAMILY = "1,2";
			};
			name = Debug;
		};
/* End XCBuildConfiguration section */

/* Begin XCConfigurationList section */
		1ADD4EA17CD59A9FF7F0A655 /* Build configuration list for PBXNativeTarget "InspectActionExtension" */ = {
			isa = XCConfigurationList;
			buildConfigurations = (
				FE031914D6CBAC5550D0E597 /* Debug */,
				95A0A623BEF737B6A64C4CCC /* Release */,
			);
			defaultConfigurationIsVisible = 0;
			defaultConfigurationName = Debug;
		};
		C4569896782F64ABE15ECFA8 /* Build configuration list for PBXProject "Inspect" */ = {
			isa = XCConfigurationList;
			buildConfigurations = (
				52F1216B65214D84237A311F /* Debug */,
				61AD09A1BE7637ACAC929A34 /* Release */,
			);
			defaultConfigurationIsVisible = 0;
			defaultConfigurationName = Debug;
		};
		DAA7C06BB8F3B4AC4038239A /* Build configuration list for PBXNativeTarget "Inspect" */ = {
			isa = XCConfigurationList;
			buildConfigurations = (
				D5DA98C112B044F1803A577C /* Debug */,
				DC7BFC14D2A893248FF72CA5 /* Release */,
			);
			defaultConfigurationIsVisible = 0;
			defaultConfigurationName = Debug;
		};
/* End XCConfigurationList section */

/* Begin XCLocalSwiftPackageReference section */
		081359CC976266BC20CD3095 /* XCLocalSwiftPackageReference "Packages/InspectCore" */ = {
			isa = XCLocalSwiftPackageReference;
			relativePath = Packages/InspectCore;
		};
/* End XCLocalSwiftPackageReference section */

/* Begin XCSwiftPackageProductDependency section */
		47499D661DAE6DD051395E9C /* InspectFeature */ = {
			isa = XCSwiftPackageProductDependency;
			productName = InspectFeature;
		};
		FA7D1000313E3A4F90A8865C /* InspectFeature */ = {
			isa = XCSwiftPackageProductDependency;
			productName = InspectFeature;
		};
/* End XCSwiftPackageProductDependency section */
	};
	rootObject = 5EF7AFAD005F16AD88DCB1C9 /* Project object */;
}
