// !$*UTF8*$!
{
	archiveVersion = 1;
	classes = {
	};
	objectVersion = 46;
	objects = {

/* Begin PBXBuildFile section */
		BB0E298D1C4D1E7600DA2B9A /* ZipZap.framework in Frameworks */ = {isa = PBXBuildFile; fileRef = BB2C5B401C47E85E00911EA4 /* ZipZap.framework */; };
		BB1773BE1C4280BD001AAB80 /* X509Helper.m in Sources */ = {isa = PBXBuildFile; fileRef = BBBEA31A1C414B6000F1C3EE /* X509Helper.m */; };
		BB1773BF1C4280BD001AAB80 /* X509.swift in Sources */ = {isa = PBXBuildFile; fileRef = BB5DB8671C397BF200219411 /* X509.swift */; };
		BB1773C01C4280C6001AAB80 /* SSLLabs.swift in Sources */ = {isa = PBXBuildFile; fileRef = BB5DB8611C391F2400219411 /* SSLLabs.swift */; };
		BB1773C11C4280C6001AAB80 /* WOT.swift in Sources */ = {isa = PBXBuildFile; fileRef = BB46EC6D1C3186A200E156E9 /* WOT.swift */; };
		BB1773C21C4280C6001AAB80 /* X509Helper.m in Sources */ = {isa = PBXBuildFile; fileRef = BBBEA31A1C414B6000F1C3EE /* X509Helper.m */; };
		BB1773C31C4280C6001AAB80 /* X509.swift in Sources */ = {isa = PBXBuildFile; fileRef = BB5DB8671C397BF200219411 /* X509.swift */; };
		BB1773C51C428227001AAB80 /* SessionManager.swift in Sources */ = {isa = PBXBuildFile; fileRef = BB1773C41C428227001AAB80 /* SessionManager.swift */; };
		BB1773C61C428732001AAB80 /* SessionManager.swift in Sources */ = {isa = PBXBuildFile; fileRef = BB1773C41C428227001AAB80 /* SessionManager.swift */; };
		BB2C5B3C1C469BFE00911EA4 /* Images.xcassets in Resources */ = {isa = PBXBuildFile; fileRef = BB2C5B3B1C469BFE00911EA4 /* Images.xcassets */; };
		BB2C5B3E1C469C3200911EA4 /* Assets.xcassets in Resources */ = {isa = PBXBuildFile; fileRef = BB2C5B3D1C469C3200911EA4 /* Assets.xcassets */; };
		BB2C5B411C47E85E00911EA4 /* ZipZap.framework in Frameworks */ = {isa = PBXBuildFile; fileRef = BB2C5B401C47E85E00911EA4 /* ZipZap.framework */; };
		BB2EB67D1C4930B90057929C /* INHUD.swift in Sources */ = {isa = PBXBuildFile; fileRef = BB2EB67C1C4930B90057929C /* INHUD.swift */; };
		BB30DEA11C7F407A00AE0A39 /* Fabric.framework in Frameworks */ = {isa = PBXBuildFile; fileRef = BB30DE9F1C7F407A00AE0A39 /* Fabric.framework */; };
		BB30DEA31C7F414400AE0A39 /* Fabric.framework in Frameworks */ = {isa = PBXBuildFile; fileRef = BB30DE9F1C7F407A00AE0A39 /* Fabric.framework */; };
		BB3CBDAD1C82A68A00DA5F63 /* ExportItemSource.swift in Sources */ = {isa = PBXBuildFile; fileRef = BB3CBDAC1C82A68A00DA5F63 /* ExportItemSource.swift */; };
		BB46EB751C3046B300E156E9 /* AppDelegate.swift in Sources */ = {isa = PBXBuildFile; fileRef = BB46EB741C3046B300E156E9 /* AppDelegate.swift */; };
		BB46EB7F1C3046B300E156E9 /* LaunchScreen.storyboard in Resources */ = {isa = PBXBuildFile; fileRef = BB46EB7D1C3046B300E156E9 /* LaunchScreen.storyboard */; };
		BB46EB8A1C3046B300E156E9 /* InspectTests.swift in Sources */ = {isa = PBXBuildFile; fileRef = BB46EB891C3046B300E156E9 /* InspectTests.swift */; };
		BB46EB9B1C30492B00E156E9 /* ActionViewController.swift in Sources */ = {isa = PBXBuildFile; fileRef = BB46EB9A1C30492B00E156E9 /* ActionViewController.swift */; };
		BB46EB9E1C30492B00E156E9 /* MainInterface.storyboard in Resources */ = {isa = PBXBuildFile; fileRef = BB46EB9C1C30492B00E156E9 /* MainInterface.storyboard */; };
		BB46EBA21C30492B00E156E9 /* Certificate.appex in Embed App Extensions */ = {isa = PBXBuildFile; fileRef = BB46EB981C30492B00E156E9 /* Certificate.appex */; settings = {ATTRIBUTES = (RemoveHeadersOnCopy, ); }; };
		BB5DB85C1C38EC2E00219411 /* CertificateCells.swift in Sources */ = {isa = PBXBuildFile; fileRef = BB5DB85B1C38EC2E00219411 /* CertificateCells.swift */; };
		BB5DB8651C3974D100219411 /* openssl.framework in Frameworks */ = {isa = PBXBuildFile; fileRef = BB5DB8641C3974D100219411 /* openssl.framework */; };
		BB5DB8661C3974DE00219411 /* openssl.framework in Frameworks */ = {isa = PBXBuildFile; fileRef = BB5DB8641C3974D100219411 /* openssl.framework */; };
		BB7E39771CDA361A00C84856 /* UIView+Frame.swift in Sources */ = {isa = PBXBuildFile; fileRef = BB7E39761CDA361A00C84856 /* UIView+Frame.swift */; };
		BB7E39781CDACFF000C84856 /* Images.xcassets in Resources */ = {isa = PBXBuildFile; fileRef = BB2C5B3B1C469BFE00911EA4 /* Images.xcassets */; };
		BB7E397A1CDCE94C00C84856 /* HomeViewController.swift in Sources */ = {isa = PBXBuildFile; fileRef = BB7E39791CDCE94C00C84856 /* HomeViewController.swift */; };
		BB7E397E1CDDC63C00C84856 /* UINavigationController+Extension.swift in Sources */ = {isa = PBXBuildFile; fileRef = BB7E397D1CDDC63C00C84856 /* UINavigationController+Extension.swift */; };
		BB7E39A81CDDF25000C84856 /* TutorialViewController.swift in Sources */ = {isa = PBXBuildFile; fileRef = BB7E39A71CDDF25000C84856 /* TutorialViewController.swift */; };
		BB8C55D41CD97958004B60E3 /* MainInterface.storyboard in Resources */ = {isa = PBXBuildFile; fileRef = BB46EB9C1C30492B00E156E9 /* MainInterface.storyboard */; };
		BB8C55D51CD9795F004B60E3 /* ActionViewController.swift in Sources */ = {isa = PBXBuildFile; fileRef = BB46EB9A1C30492B00E156E9 /* ActionViewController.swift */; };
		BB8C55D61CD97965004B60E3 /* CertificateCells.swift in Sources */ = {isa = PBXBuildFile; fileRef = BB5DB85B1C38EC2E00219411 /* CertificateCells.swift */; };
		BB8C55D71CD9796C004B60E3 /* ExportItemSource.swift in Sources */ = {isa = PBXBuildFile; fileRef = BB3CBDAC1C82A68A00DA5F63 /* ExportItemSource.swift */; };
		BB8C55D81CD97A23004B60E3 /* INHUD.swift in Sources */ = {isa = PBXBuildFile; fileRef = BB2EB67C1C4930B90057929C /* INHUD.swift */; };
		BB8C55D91CD97A2C004B60E3 /* X509Helper.m in Sources */ = {isa = PBXBuildFile; fileRef = BBBEA31A1C414B6000F1C3EE /* X509Helper.m */; };
		BB8C55DA1CD97A2F004B60E3 /* X509.swift in Sources */ = {isa = PBXBuildFile; fileRef = BB5DB8671C397BF200219411 /* X509.swift */; };
		BB8C55DB1CD97A33004B60E3 /* WOT.swift in Sources */ = {isa = PBXBuildFile; fileRef = BB46EC6D1C3186A200E156E9 /* WOT.swift */; };
		BB8C55DC1CD97A37004B60E3 /* SSLLabs.swift in Sources */ = {isa = PBXBuildFile; fileRef = BB5DB8611C391F2400219411 /* SSLLabs.swift */; };
		BBA1C2561C507B34009EECCC /* Constants.swift in Sources */ = {isa = PBXBuildFile; fileRef = BBA1C2551C507B34009EECCC /* Constants.swift */; };
		BBA1C2571C507B34009EECCC /* Constants.swift in Sources */ = {isa = PBXBuildFile; fileRef = BBA1C2551C507B34009EECCC /* Constants.swift */; };
		BBBEA3151C409A8E00F1C3EE /* mac_dev.cer in Resources */ = {isa = PBXBuildFile; fileRef = BBBEA3141C409A8E00F1C3EE /* mac_dev.cer */; };
		BBBEA3161C409DE000F1C3EE /* openssl.framework in Frameworks */ = {isa = PBXBuildFile; fileRef = BB5DB8641C3974D100219411 /* openssl.framework */; };
		BBD684741CDEE45900584DA1 /* Feedbackable.swift in Sources */ = {isa = PBXBuildFile; fileRef = BBD684731CDEE45900584DA1 /* Feedbackable.swift */; };
		BBD684751CDEE68300584DA1 /* Feedbackable.swift in Sources */ = {isa = PBXBuildFile; fileRef = BBD684731CDEE45900584DA1 /* Feedbackable.swift */; };
		BBD6847A1CDF428600584DA1 /* Crashlytics.framework in Frameworks */ = {isa = PBXBuildFile; fileRef = BBD684791CDF428600584DA1 /* Crashlytics.framework */; };
		BBD6847B1CDF446000584DA1 /* Crashlytics.framework in Frameworks */ = {isa = PBXBuildFile; fileRef = BBD684791CDF428600584DA1 /* Crashlytics.framework */; };
/* End PBXBuildFile section */

/* Begin PBXContainerItemProxy section */
		BB46EB861C3046B300E156E9 /* PBXContainerItemProxy */ = {
			isa = PBXContainerItemProxy;
			containerPortal = BB46EB691C3046B300E156E9 /* Project object */;
			proxyType = 1;
			remoteGlobalIDString = BB46EB701C3046B300E156E9;
			remoteInfo = Inspect;
		};
		BB46EBA01C30492B00E156E9 /* PBXContainerItemProxy */ = {
			isa = PBXContainerItemProxy;
			containerPortal = BB46EB691C3046B300E156E9 /* Project object */;
			proxyType = 1;
			remoteGlobalIDString = BB46EB971C30492B00E156E9;
			remoteInfo = Certificate;
		};
/* End PBXContainerItemProxy section */

/* Begin PBXCopyFilesBuildPhase section */
		BB46EBA61C30492B00E156E9 /* Embed App Extensions */ = {
			isa = PBXCopyFilesBuildPhase;
			buildActionMask = 2147483647;
			dstPath = "";
			dstSubfolderSpec = 13;
			files = (
				BB46EBA21C30492B00E156E9 /* Certificate.appex in Embed App Extensions */,
			);
			name = "Embed App Extensions";
			runOnlyForDeploymentPostprocessing = 0;
		};
/* End PBXCopyFilesBuildPhase section */

/* Begin PBXFileReference section */
		BB1773C41C428227001AAB80 /* SessionManager.swift */ = {isa = PBXFileReference; fileEncoding = 4; lastKnownFileType = sourcecode.swift; name = SessionManager.swift; path = Utils/SessionManager.swift; sourceTree = "<group>"; };
		BB2C5B3B1C469BFE00911EA4 /* Images.xcassets */ = {isa = PBXFileReference; lastKnownFileType = folder.assetcatalog; path = Images.xcassets; sourceTree = "<group>"; };
		BB2C5B3D1C469C3200911EA4 /* Assets.xcassets */ = {isa = PBXFileReference; lastKnownFileType = folder.assetcatalog; path = Assets.xcassets; sourceTree = "<group>"; };
		BB2C5B401C47E85E00911EA4 /* ZipZap.framework */ = {isa = PBXFileReference; lastKnownFileType = wrapper.framework; name = ZipZap.framework; path = Carthage/Build/iOS/ZipZap.framework; sourceTree = "<group>"; };
		BB2C5B421C47EBCD00911EA4 /* Inspect.entitlements */ = {isa = PBXFileReference; lastKnownFileType = text.xml; path = Inspect.entitlements; sourceTree = "<group>"; };
		BB2C5B431C47EBEF00911EA4 /* Certificate.entitlements */ = {isa = PBXFileReference; lastKnownFileType = text.xml; path = Certificate.entitlements; sourceTree = "<group>"; };
		BB2EB67C1C4930B90057929C /* INHUD.swift */ = {isa = PBXFileReference; fileEncoding = 4; lastKnownFileType = sourcecode.swift; name = INHUD.swift; path = Utils/INHUD.swift; sourceTree = "<group>"; };
		BB30DE9F1C7F407A00AE0A39 /* Fabric.framework */ = {isa = PBXFileReference; lastKnownFileType = wrapper.framework; name = Fabric.framework; path = Dependencies/Fabric.framework; sourceTree = "<group>"; };
		BB3CBDAC1C82A68A00DA5F63 /* ExportItemSource.swift */ = {isa = PBXFileReference; fileEncoding = 4; lastKnownFileType = sourcecode.swift; name = ExportItemSource.swift; path = ../Certificate/ExportItemSource.swift; sourceTree = "<group>"; };
		BB46EB711C3046B300E156E9 /* Inspect.app */ = {isa = PBXFileReference; explicitFileType = wrapper.application; includeInIndex = 0; path = Inspect.app; sourceTree = BUILT_PRODUCTS_DIR; };
		BB46EB741C3046B300E156E9 /* AppDelegate.swift */ = {isa = PBXFileReference; lastKnownFileType = sourcecode.swift; path = AppDelegate.swift; sourceTree = "<group>"; };
		BB46EB7E1C3046B300E156E9 /* Base */ = {isa = PBXFileReference; lastKnownFileType = file.storyboard; name = Base; path = Base.lproj/LaunchScreen.storyboard; sourceTree = "<group>"; };
		BB46EB801C3046B300E156E9 /* Info.plist */ = {isa = PBXFileReference; lastKnownFileType = text.plist.xml; path = Info.plist; sourceTree = "<group>"; };
		BB46EB851C3046B300E156E9 /* InspectTests.xctest */ = {isa = PBXFileReference; explicitFileType = wrapper.cfbundle; includeInIndex = 0; path = InspectTests.xctest; sourceTree = BUILT_PRODUCTS_DIR; };
		BB46EB891C3046B300E156E9 /* InspectTests.swift */ = {isa = PBXFileReference; lastKnownFileType = sourcecode.swift; path = InspectTests.swift; sourceTree = "<group>"; };
		BB46EB8B1C3046B300E156E9 /* Info.plist */ = {isa = PBXFileReference; lastKnownFileType = text.plist.xml; path = Info.plist; sourceTree = "<group>"; };
		BB46EB981C30492B00E156E9 /* Certificate.appex */ = {isa = PBXFileReference; explicitFileType = "wrapper.app-extension"; includeInIndex = 0; path = Certificate.appex; sourceTree = BUILT_PRODUCTS_DIR; };
		BB46EB9A1C30492B00E156E9 /* ActionViewController.swift */ = {isa = PBXFileReference; lastKnownFileType = sourcecode.swift; name = ActionViewController.swift; path = ../Certificate/ActionViewController.swift; sourceTree = "<group>"; };
		BB46EB9D1C30492B00E156E9 /* Base */ = {isa = PBXFileReference; lastKnownFileType = file.storyboard; name = Base; path = Base.lproj/MainInterface.storyboard; sourceTree = "<group>"; };
		BB46EB9F1C30492B00E156E9 /* Info.plist */ = {isa = PBXFileReference; lastKnownFileType = text.plist.xml; path = Info.plist; sourceTree = "<group>"; };
		BB46EC6D1C3186A200E156E9 /* WOT.swift */ = {isa = PBXFileReference; fileEncoding = 4; lastKnownFileType = sourcecode.swift; name = WOT.swift; path = Utils/WOT.swift; sourceTree = "<group>"; };
		BB5DB85B1C38EC2E00219411 /* CertificateCells.swift */ = {isa = PBXFileReference; fileEncoding = 4; lastKnownFileType = sourcecode.swift; name = CertificateCells.swift; path = ../Certificate/CertificateCells.swift; sourceTree = "<group>"; };
		BB5DB8611C391F2400219411 /* SSLLabs.swift */ = {isa = PBXFileReference; fileEncoding = 4; lastKnownFileType = sourcecode.swift; name = SSLLabs.swift; path = Utils/SSLLabs.swift; sourceTree = "<group>"; };
		BB5DB8641C3974D100219411 /* openssl.framework */ = {isa = PBXFileReference; lastKnownFileType = wrapper.framework; name = openssl.framework; path = Dependencies/openssl.framework; sourceTree = "<group>"; };
		BB5DB8671C397BF200219411 /* X509.swift */ = {isa = PBXFileReference; fileEncoding = 4; lastKnownFileType = sourcecode.swift; name = X509.swift; path = Utils/X509.swift; sourceTree = "<group>"; };
		BB5DB8861C3AA52900219411 /* Inspect-Bridging-Header.h */ = {isa = PBXFileReference; fileEncoding = 4; lastKnownFileType = sourcecode.c.h; name = "Inspect-Bridging-Header.h"; path = "../Inspect-Bridging-Header.h"; sourceTree = "<group>"; };
		BB7E39761CDA361A00C84856 /* UIView+Frame.swift */ = {isa = PBXFileReference; fileEncoding = 4; lastKnownFileType = sourcecode.swift; name = "UIView+Frame.swift"; path = "Utils/UIView+Frame.swift"; sourceTree = "<group>"; };
		BB7E39791CDCE94C00C84856 /* HomeViewController.swift */ = {isa = PBXFileReference; fileEncoding = 4; lastKnownFileType = sourcecode.swift; path = HomeViewController.swift; sourceTree = "<group>"; };
		BB7E397D1CDDC63C00C84856 /* UINavigationController+Extension.swift */ = {isa = PBXFileReference; fileEncoding = 4; lastKnownFileType = sourcecode.swift; path = "UINavigationController+Extension.swift"; sourceTree = "<group>"; };
		BB7E39A71CDDF25000C84856 /* TutorialViewController.swift */ = {isa = PBXFileReference; fileEncoding = 4; lastKnownFileType = sourcecode.swift; path = TutorialViewController.swift; sourceTree = "<group>"; };
		BBA1C2551C507B34009EECCC /* Constants.swift */ = {isa = PBXFileReference; fileEncoding = 4; lastKnownFileType = sourcecode.swift; path = Constants.swift; sourceTree = "<group>"; };
		BBBEA3141C409A8E00F1C3EE /* mac_dev.cer */ = {isa = PBXFileReference; lastKnownFileType = file; path = mac_dev.cer; sourceTree = "<group>"; };
		BBBEA3191C414B6000F1C3EE /* X509Helper.h */ = {isa = PBXFileReference; fileEncoding = 4; lastKnownFileType = sourcecode.c.h; name = X509Helper.h; path = Utils/X509Helper.h; sourceTree = "<group>"; };
		BBBEA31A1C414B6000F1C3EE /* X509Helper.m */ = {isa = PBXFileReference; fileEncoding = 4; lastKnownFileType = sourcecode.c.objc; name = X509Helper.m; path = Utils/X509Helper.m; sourceTree = "<group>"; };
		BBD684731CDEE45900584DA1 /* Feedbackable.swift */ = {isa = PBXFileReference; fileEncoding = 4; lastKnownFileType = sourcecode.swift; path = Feedbackable.swift; sourceTree = "<group>"; };
		BBD684791CDF428600584DA1 /* Crashlytics.framework */ = {isa = PBXFileReference; lastKnownFileType = wrapper.framework; name = Crashlytics.framework; path = Dependencies/Crashlytics.framework; sourceTree = "<group>"; };
/* End PBXFileReference section */

/* Begin PBXFrameworksBuildPhase section */
		BB46EB6E1C3046B300E156E9 /* Frameworks */ = {
			isa = PBXFrameworksBuildPhase;
			buildActionMask = 2147483647;
			files = (
				BB2C5B411C47E85E00911EA4 /* ZipZap.framework in Frameworks */,
				BBD6847A1CDF428600584DA1 /* Crashlytics.framework in Frameworks */,
				BB5DB8661C3974DE00219411 /* openssl.framework in Frameworks */,
				BB30DEA11C7F407A00AE0A39 /* Fabric.framework in Frameworks */,
			);
			runOnlyForDeploymentPostprocessing = 0;
		};
		BB46EB821C3046B300E156E9 /* Frameworks */ = {
			isa = PBXFrameworksBuildPhase;
			buildActionMask = 2147483647;
			files = (
				BBBEA3161C409DE000F1C3EE /* openssl.framework in Frameworks */,
				BB0E298D1C4D1E7600DA2B9A /* ZipZap.framework in Frameworks */,
			);
			runOnlyForDeploymentPostprocessing = 0;
		};
		BB46EB951C30492B00E156E9 /* Frameworks */ = {
			isa = PBXFrameworksBuildPhase;
			buildActionMask = 2147483647;
			files = (
				BB5DB8651C3974D100219411 /* openssl.framework in Frameworks */,
				BB30DEA31C7F414400AE0A39 /* Fabric.framework in Frameworks */,
				BBD6847B1CDF446000584DA1 /* Crashlytics.framework in Frameworks */,
			);
			runOnlyForDeploymentPostprocessing = 0;
		};
/* End PBXFrameworksBuildPhase section */

/* Begin PBXGroup section */
		BB46EB681C3046B300E156E9 = {
			isa = PBXGroup;
			children = (
				BB5DB8631C393CAA00219411 /* Utils */,
				BB46EC781C32C8EF00E156E9 /* Frameworks */,
				BB46EB731C3046B300E156E9 /* Inspect */,
				BB46EB881C3046B300E156E9 /* InspectTests */,
				BB46EB991C30492B00E156E9 /* Certificate */,
				BB46EB721C3046B300E156E9 /* Products */,
			);
			sourceTree = "<group>";
		};
		BB46EB721C3046B300E156E9 /* Products */ = {
			isa = PBXGroup;
			children = (
				BB46EB711C3046B300E156E9 /* Inspect.app */,
				BB46EB851C3046B300E156E9 /* InspectTests.xctest */,
				BB46EB981C30492B00E156E9 /* Certificate.appex */,
			);
			name = Products;
			sourceTree = "<group>";
		};
		BB46EB731C3046B300E156E9 /* Inspect */ = {
			isa = PBXGroup;
			children = (
				BB2C5B421C47EBCD00911EA4 /* Inspect.entitlements */,
				BB2C5B3D1C469C3200911EA4 /* Assets.xcassets */,
				BB5DB8861C3AA52900219411 /* Inspect-Bridging-Header.h */,
				BB46EB741C3046B300E156E9 /* AppDelegate.swift */,
				BBD684781CDEE72B00584DA1 /* Extensions */,
				BBD684761CDEE6BF00584DA1 /* ViewControllers */,
				BBD684771CDEE70E00584DA1 /* View */,
				BB46EB801C3046B300E156E9 /* Info.plist */,
			);
			path = Inspect;
			sourceTree = "<group>";
		};
		BB46EB881C3046B300E156E9 /* InspectTests */ = {
			isa = PBXGroup;
			children = (
				BBBEA3141C409A8E00F1C3EE /* mac_dev.cer */,
				BB46EB891C3046B300E156E9 /* InspectTests.swift */,
				BB46EB8B1C3046B300E156E9 /* Info.plist */,
			);
			path = InspectTests;
			sourceTree = "<group>";
		};
		BB46EB991C30492B00E156E9 /* Certificate */ = {
			isa = PBXGroup;
			children = (
				BB2C5B431C47EBEF00911EA4 /* Certificate.entitlements */,
				BB46EB9F1C30492B00E156E9 /* Info.plist */,
				BB2C5B3B1C469BFE00911EA4 /* Images.xcassets */,
			);
			path = Certificate;
			sourceTree = "<group>";
		};
		BB46EC6F1C3186A800E156E9 /* WOT */ = {
			isa = PBXGroup;
			children = (
				BB46EC6D1C3186A200E156E9 /* WOT.swift */,
			);
			name = WOT;
			sourceTree = "<group>";
		};
		BB46EC781C32C8EF00E156E9 /* Frameworks */ = {
			isa = PBXGroup;
			children = (
				BBD684791CDF428600584DA1 /* Crashlytics.framework */,
				BB30DE9F1C7F407A00AE0A39 /* Fabric.framework */,
				BB2C5B401C47E85E00911EA4 /* ZipZap.framework */,
				BB5DB8641C3974D100219411 /* openssl.framework */,
			);
			name = Frameworks;
			sourceTree = "<group>";
		};
		BB5DB8601C391F0D00219411 /* SSLLabs */ = {
			isa = PBXGroup;
			children = (
				BB5DB8611C391F2400219411 /* SSLLabs.swift */,
			);
			name = SSLLabs;
			sourceTree = "<group>";
		};
		BB5DB8631C393CAA00219411 /* Utils */ = {
			isa = PBXGroup;
			children = (
				BB5DB8601C391F0D00219411 /* SSLLabs */,
				BB46EC6F1C3186A800E156E9 /* WOT */,
				BBBEA31D1C414CC800F1C3EE /* X509 */,
				BB1773C41C428227001AAB80 /* SessionManager.swift */,
				BB2EB67C1C4930B90057929C /* INHUD.swift */,
				BBA1C2551C507B34009EECCC /* Constants.swift */,
				BB7E39761CDA361A00C84856 /* UIView+Frame.swift */,
			);
			name = Utils;
			sourceTree = "<group>";
		};
		BBBEA31D1C414CC800F1C3EE /* X509 */ = {
			isa = PBXGroup;
			children = (
				BBBEA3191C414B6000F1C3EE /* X509Helper.h */,
				BBBEA31A1C414B6000F1C3EE /* X509Helper.m */,
				BB5DB8671C397BF200219411 /* X509.swift */,
			);
			name = X509;
			sourceTree = "<group>";
		};
		BBD684761CDEE6BF00584DA1 /* ViewControllers */ = {
			isa = PBXGroup;
			children = (
				BB7E39791CDCE94C00C84856 /* HomeViewController.swift */,
				BB7E39A71CDDF25000C84856 /* TutorialViewController.swift */,
				BB46EB9A1C30492B00E156E9 /* ActionViewController.swift */,
			);
			name = ViewControllers;
			sourceTree = "<group>";
		};
		BBD684771CDEE70E00584DA1 /* View */ = {
			isa = PBXGroup;
			children = (
				BB46EB9C1C30492B00E156E9 /* MainInterface.storyboard */,
				BB46EB7D1C3046B300E156E9 /* LaunchScreen.storyboard */,
				BB3CBDAC1C82A68A00DA5F63 /* ExportItemSource.swift */,
				BB5DB85B1C38EC2E00219411 /* CertificateCells.swift */,
			);
			name = View;
			sourceTree = "<group>";
		};
		BBD684781CDEE72B00584DA1 /* Extensions */ = {
			isa = PBXGroup;
			children = (
				BBD684731CDEE45900584DA1 /* Feedbackable.swift */,
				BB7E397D1CDDC63C00C84856 /* UINavigationController+Extension.swift */,
			);
			name = Extensions;
			sourceTree = "<group>";
		};
/* End PBXGroup section */

/* Begin PBXNativeTarget section */
		BB46EB701C3046B300E156E9 /* Inspect */ = {
			isa = PBXNativeTarget;
			buildConfigurationList = BB46EB8E1C3046B300E156E9 /* Build configuration list for PBXNativeTarget "Inspect" */;
			buildPhases = (
				BB46EB6D1C3046B300E156E9 /* Sources */,
				BB46EB6E1C3046B300E156E9 /* Frameworks */,
				BB46EB6F1C3046B300E156E9 /* Resources */,
				BB46EBA61C30492B00E156E9 /* Embed App Extensions */,
				BBD6847C1CDF4E5F00584DA1 /* Copy Carthage Frameworks */,
				BB30DE9E1C7F402E00AE0A39 /* Run Fabric */,
				BB3CBDB21C8F21EF00DA5F63 /* Run SwiftLint */,
			);
			buildRules = (
			);
			dependencies = (
				BB46EBA11C30492B00E156E9 /* PBXTargetDependency */,
			);
			name = Inspect;
			productName = Inspect;
			productReference = BB46EB711C3046B300E156E9 /* Inspect.app */;
			productType = "com.apple.product-type.application";
		};
		BB46EB841C3046B300E156E9 /* InspectTests */ = {
			isa = PBXNativeTarget;
			buildConfigurationList = BB46EB911C3046B300E156E9 /* Build configuration list for PBXNativeTarget "InspectTests" */;
			buildPhases = (
				BB46EB811C3046B300E156E9 /* Sources */,
				BB46EB821C3046B300E156E9 /* Frameworks */,
				BB46EB831C3046B300E156E9 /* Resources */,
			);
			buildRules = (
			);
			dependencies = (
				BB46EB871C3046B300E156E9 /* PBXTargetDependency */,
			);
			name = InspectTests;
			productName = InspectTests;
			productReference = BB46EB851C3046B300E156E9 /* InspectTests.xctest */;
			productType = "com.apple.product-type.bundle.unit-test";
		};
		BB46EB971C30492B00E156E9 /* Certificate */ = {
			isa = PBXNativeTarget;
			buildConfigurationList = BB46EBA31C30492B00E156E9 /* Build configuration list for PBXNativeTarget "Certificate" */;
			buildPhases = (
				BB46EB941C30492B00E156E9 /* Sources */,
				BB46EB951C30492B00E156E9 /* Frameworks */,
				BB46EB961C30492B00E156E9 /* Resources */,
				BB3CBDB31C8F220000DA5F63 /* Run SwiftLint */,
			);
			buildRules = (
			);
			dependencies = (
			);
			name = Certificate;
			productName = Certificate;
			productReference = BB46EB981C30492B00E156E9 /* Certificate.appex */;
			productType = "com.apple.product-type.app-extension";
		};
/* End PBXNativeTarget section */

/* Begin PBXProject section */
		BB46EB691C3046B300E156E9 /* Project object */ = {
			isa = PBXProject;
			attributes = {
				LastSwiftUpdateCheck = 0720;
				LastUpgradeCheck = 0720;
				ORGANIZATIONNAME = fourplex;
				TargetAttributes = {
					BB46EB701C3046B300E156E9 = {
						CreatedOnToolsVersion = 7.2;
						DevelopmentTeam = FH9QG7ZJR9;
						SystemCapabilities = {
							com.apple.ApplicationGroups.iOS = {
								enabled = 1;
							};
							com.apple.BackgroundModes = {
								enabled = 1;
							};
							com.apple.InAppPurchase = {
								enabled = 1;
							};
							com.apple.Push = {
								enabled = 1;
							};
						};
					};
					BB46EB841C3046B300E156E9 = {
						CreatedOnToolsVersion = 7.2;
						TestTargetID = BB46EB701C3046B300E156E9;
					};
					BB46EB971C30492B00E156E9 = {
						CreatedOnToolsVersion = 7.2;
						DevelopmentTeam = FH9QG7ZJR9;
						SystemCapabilities = {
							com.apple.ApplicationGroups.iOS = {
								enabled = 1;
							};
						};
					};
				};
			};
			buildConfigurationList = BB46EB6C1C3046B300E156E9 /* Build configuration list for PBXProject "Inspect" */;
			compatibilityVersion = "Xcode 3.2";
			developmentRegion = English;
			hasScannedForEncodings = 0;
			knownRegions = (
				en,
				Base,
			);
			mainGroup = BB46EB681C3046B300E156E9;
			productRefGroup = BB46EB721C3046B300E156E9 /* Products */;
			projectDirPath = "";
			projectRoot = "";
			targets = (
				BB46EB701C3046B300E156E9 /* Inspect */,
				BB46EB841C3046B300E156E9 /* InspectTests */,
				BB46EB971C30492B00E156E9 /* Certificate */,
			);
		};
/* End PBXProject section */

/* Begin PBXResourcesBuildPhase section */
		BB46EB6F1C3046B300E156E9 /* Resources */ = {
			isa = PBXResourcesBuildPhase;
			buildActionMask = 2147483647;
			files = (
				BB7E39781CDACFF000C84856 /* Images.xcassets in Resources */,
				BB46EB7F1C3046B300E156E9 /* LaunchScreen.storyboard in Resources */,
				BB8C55D41CD97958004B60E3 /* MainInterface.storyboard in Resources */,
				BB2C5B3E1C469C3200911EA4 /* Assets.xcassets in Resources */,
			);
			runOnlyForDeploymentPostprocessing = 0;
		};
		BB46EB831C3046B300E156E9 /* Resources */ = {
			isa = PBXResourcesBuildPhase;
			buildActionMask = 2147483647;
			files = (
				BBBEA3151C409A8E00F1C3EE /* mac_dev.cer in Resources */,
			);
			runOnlyForDeploymentPostprocessing = 0;
		};
		BB46EB961C30492B00E156E9 /* Resources */ = {
			isa = PBXResourcesBuildPhase;
			buildActionMask = 2147483647;
			files = (
				BB2C5B3C1C469BFE00911EA4 /* Images.xcassets in Resources */,
				BB46EB9E1C30492B00E156E9 /* MainInterface.storyboard in Resources */,
			);
			runOnlyForDeploymentPostprocessing = 0;
		};
/* End PBXResourcesBuildPhase section */

/* Begin PBXShellScriptBuildPhase section */
		BB30DE9E1C7F402E00AE0A39 /* Run Fabric */ = {
			isa = PBXShellScriptBuildPhase;
			buildActionMask = 2147483647;
			files = (
			);
			inputPaths = (
			);
			name = "Run Fabric";
			outputPaths = (
			);
			runOnlyForDeploymentPostprocessing = 0;
			shellPath = /bin/sh;
			shellScript = "./Dependencies/Fabric.framework/run ffd1a21a45423d2959636c52dc02535a8fad1b60 dd1dfceaa343fa98ef49d12fa7f022c135640990742116059b7d05091289834f";
		};
		BB3CBDB21C8F21EF00DA5F63 /* Run SwiftLint */ = {
			isa = PBXShellScriptBuildPhase;
			buildActionMask = 2147483647;
			files = (
			);
			inputPaths = (
			);
			name = "Run SwiftLint";
			outputPaths = (
			);
			runOnlyForDeploymentPostprocessing = 0;
			shellPath = /bin/sh;
			shellScript = "if which swiftlint >/dev/null; then\n    swiftlint\nelse\n    echo \"warning: SwiftLint not installed, download from https://github.com/realm/SwiftLint\"\nfi";
		};
		BB3CBDB31C8F220000DA5F63 /* Run SwiftLint */ = {
			isa = PBXShellScriptBuildPhase;
			buildActionMask = 2147483647;
			files = (
			);
			inputPaths = (
			);
			name = "Run SwiftLint";
			outputPaths = (
			);
			runOnlyForDeploymentPostprocessing = 0;
			shellPath = /bin/sh;
			shellScript = "if which swiftlint >/dev/null; then\n    swiftlint\nelse\n    echo \"warning: SwiftLint not installed, download from https://github.com/realm/SwiftLint\"\nfi";
		};
		BBD6847C1CDF4E5F00584DA1 /* Copy Carthage Frameworks */ = {
			isa = PBXShellScriptBuildPhase;
			buildActionMask = 2147483647;
			files = (
			);
			inputPaths = (
				"$(SRCROOT)/Carthage/Build/iOS/ZipZap.framework",
			);
			name = "Copy Carthage Frameworks";
			outputPaths = (
			);
			runOnlyForDeploymentPostprocessing = 0;
			shellPath = /bin/sh;
			shellScript = "/usr/local/bin/carthage copy-frameworks";
		};
/* End PBXShellScriptBuildPhase section */

/* Begin PBXSourcesBuildPhase section */
		BB46EB6D1C3046B300E156E9 /* Sources */ = {
			isa = PBXSourcesBuildPhase;
			buildActionMask = 2147483647;
			files = (
				BB7E397E1CDDC63C00C84856 /* UINavigationController+Extension.swift in Sources */,
				BB8C55DC1CD97A37004B60E3 /* SSLLabs.swift in Sources */,
				BB8C55D51CD9795F004B60E3 /* ActionViewController.swift in Sources */,
				BB7E39771CDA361A00C84856 /* UIView+Frame.swift in Sources */,
				BB8C55D71CD9796C004B60E3 /* ExportItemSource.swift in Sources */,
				BB7E397A1CDCE94C00C84856 /* HomeViewController.swift in Sources */,
				BBD684741CDEE45900584DA1 /* Feedbackable.swift in Sources */,
				BB8C55D91CD97A2C004B60E3 /* X509Helper.m in Sources */,
				BB7E39A81CDDF25000C84856 /* TutorialViewController.swift in Sources */,
				BB46EB751C3046B300E156E9 /* AppDelegate.swift in Sources */,
				BB8C55DB1CD97A33004B60E3 /* WOT.swift in Sources */,
				BB8C55DA1CD97A2F004B60E3 /* X509.swift in Sources */,
				BB1773C51C428227001AAB80 /* SessionManager.swift in Sources */,
				BBA1C2561C507B34009EECCC /* Constants.swift in Sources */,
				BB8C55D81CD97A23004B60E3 /* INHUD.swift in Sources */,
				BB8C55D61CD97965004B60E3 /* CertificateCells.swift in Sources */,
			);
			runOnlyForDeploymentPostprocessing = 0;
		};
		BB46EB811C3046B300E156E9 /* Sources */ = {
			isa = PBXSourcesBuildPhase;
			buildActionMask = 2147483647;
			files = (
				BB1773BE1C4280BD001AAB80 /* X509Helper.m in Sources */,
				BB1773BF1C4280BD001AAB80 /* X509.swift in Sources */,
				BB46EB8A1C3046B300E156E9 /* InspectTests.swift in Sources */,
			);
			runOnlyForDeploymentPostprocessing = 0;
		};
		BB46EB941C30492B00E156E9 /* Sources */ = {
			isa = PBXSourcesBuildPhase;
			buildActionMask = 2147483647;
			files = (
				BB1773C61C428732001AAB80 /* SessionManager.swift in Sources */,
				BB1773C01C4280C6001AAB80 /* SSLLabs.swift in Sources */,
				BB1773C11C4280C6001AAB80 /* WOT.swift in Sources */,
				BB3CBDAD1C82A68A00DA5F63 /* ExportItemSource.swift in Sources */,
				BBD684751CDEE68300584DA1 /* Feedbackable.swift in Sources */,
				BB1773C21C4280C6001AAB80 /* X509Helper.m in Sources */,
				BB1773C31C4280C6001AAB80 /* X509.swift in Sources */,
				BB46EB9B1C30492B00E156E9 /* ActionViewController.swift in Sources */,
				BB2EB67D1C4930B90057929C /* INHUD.swift in Sources */,
				BB5DB85C1C38EC2E00219411 /* CertificateCells.swift in Sources */,
				BBA1C2571C507B34009EECCC /* Constants.swift in Sources */,
			);
			runOnlyForDeploymentPostprocessing = 0;
		};
/* End PBXSourcesBuildPhase section */

/* Begin PBXTargetDependency section */
		BB46EB871C3046B300E156E9 /* PBXTargetDependency */ = {
			isa = PBXTargetDependency;
			target = BB46EB701C3046B300E156E9 /* Inspect */;
			targetProxy = BB46EB861C3046B300E156E9 /* PBXContainerItemProxy */;
		};
		BB46EBA11C30492B00E156E9 /* PBXTargetDependency */ = {
			isa = PBXTargetDependency;
			target = BB46EB971C30492B00E156E9 /* Certificate */;
			targetProxy = BB46EBA01C30492B00E156E9 /* PBXContainerItemProxy */;
		};
/* End PBXTargetDependency section */

/* Begin PBXVariantGroup section */
		BB46EB7D1C3046B300E156E9 /* LaunchScreen.storyboard */ = {
			isa = PBXVariantGroup;
			children = (
				BB46EB7E1C3046B300E156E9 /* Base */,
			);
			name = LaunchScreen.storyboard;
			sourceTree = "<group>";
		};
		BB46EB9C1C30492B00E156E9 /* MainInterface.storyboard */ = {
			isa = PBXVariantGroup;
			children = (
				BB46EB9D1C30492B00E156E9 /* Base */,
			);
			name = MainInterface.storyboard;
			path = ../Certificate;
			sourceTree = "<group>";
		};
/* End PBXVariantGroup section */

/* Begin XCBuildConfiguration section */
		BB46EB8C1C3046B300E156E9 /* Debug */ = {
			isa = XCBuildConfiguration;
			buildSettings = {
				ALWAYS_SEARCH_USER_PATHS = NO;
				CLANG_CXX_LANGUAGE_STANDARD = "gnu++0x";
				CLANG_CXX_LIBRARY = "libc++";
				CLANG_ENABLE_MODULES = YES;
				CLANG_ENABLE_OBJC_ARC = YES;
				CLANG_WARN_BOOL_CONVERSION = YES;
				CLANG_WARN_CONSTANT_CONVERSION = YES;
				CLANG_WARN_DIRECT_OBJC_ISA_USAGE = YES_ERROR;
				CLANG_WARN_EMPTY_BODY = YES;
				CLANG_WARN_ENUM_CONVERSION = YES;
				CLANG_WARN_INT_CONVERSION = YES;
				CLANG_WARN_OBJC_ROOT_CLASS = YES_ERROR;
				CLANG_WARN_UNREACHABLE_CODE = YES;
				CLANG_WARN__DUPLICATE_METHOD_MATCH = YES;
				"CODE_SIGN_IDENTITY[sdk=iphoneos*]" = "iPhone Developer";
				COPY_PHASE_STRIP = NO;
				DEBUG_INFORMATION_FORMAT = dwarf;
				ENABLE_STRICT_OBJC_MSGSEND = YES;
				ENABLE_TESTABILITY = YES;
				FRAMEWORK_SEARCH_PATHS = "$(SRCROOT)/Dependencies";
				GCC_C_LANGUAGE_STANDARD = gnu99;
				GCC_DYNAMIC_NO_PIC = NO;
				GCC_NO_COMMON_BLOCKS = YES;
				GCC_OPTIMIZATION_LEVEL = 0;
				GCC_PREPROCESSOR_DEFINITIONS = (
					"DEBUG=1",
					"$(inherited)",
				);
				GCC_WARN_64_TO_32_BIT_CONVERSION = YES;
				GCC_WARN_ABOUT_RETURN_TYPE = YES_ERROR;
				GCC_WARN_UNDECLARED_SELECTOR = YES;
				GCC_WARN_UNINITIALIZED_AUTOS = YES_AGGRESSIVE;
				GCC_WARN_UNUSED_FUNCTION = YES;
				GCC_WARN_UNUSED_VARIABLE = YES;
				IPHONEOS_DEPLOYMENT_TARGET = 9.0;
				MTL_ENABLE_DEBUG_INFO = YES;
				ONLY_ACTIVE_ARCH = YES;
				SDKROOT = iphoneos;
				SWIFT_OBJC_BRIDGING_HEADER = "Inspect-Bridging-Header.h";
				SWIFT_OPTIMIZATION_LEVEL = "-Onone";
				TARGETED_DEVICE_FAMILY = "1,2";
			};
			name = Debug;
		};
		BB46EB8D1C3046B300E156E9 /* Release */ = {
			isa = XCBuildConfiguration;
			buildSettings = {
				ALWAYS_SEARCH_USER_PATHS = NO;
				CLANG_CXX_LANGUAGE_STANDARD = "gnu++0x";
				CLANG_CXX_LIBRARY = "libc++";
				CLANG_ENABLE_MODULES = YES;
				CLANG_ENABLE_OBJC_ARC = YES;
				CLANG_WARN_BOOL_CONVERSION = YES;
				CLANG_WARN_CONSTANT_CONVERSION = YES;
				CLANG_WARN_DIRECT_OBJC_ISA_USAGE = YES_ERROR;
				CLANG_WARN_EMPTY_BODY = YES;
				CLANG_WARN_ENUM_CONVERSION = YES;
				CLANG_WARN_INT_CONVERSION = YES;
				CLANG_WARN_OBJC_ROOT_CLASS = YES_ERROR;
				CLANG_WARN_UNREACHABLE_CODE = YES;
				CLANG_WARN__DUPLICATE_METHOD_MATCH = YES;
				"CODE_SIGN_IDENTITY[sdk=iphoneos*]" = "iPhone Developer";
				COPY_PHASE_STRIP = NO;
				DEBUG_INFORMATION_FORMAT = "dwarf-with-dsym";
				ENABLE_NS_ASSERTIONS = NO;
				ENABLE_STRICT_OBJC_MSGSEND = YES;
				FRAMEWORK_SEARCH_PATHS = "$(SRCROOT)/Dependencies";
				GCC_C_LANGUAGE_STANDARD = gnu99;
				GCC_NO_COMMON_BLOCKS = YES;
				GCC_WARN_64_TO_32_BIT_CONVERSION = YES;
				GCC_WARN_ABOUT_RETURN_TYPE = YES_ERROR;
				GCC_WARN_UNDECLARED_SELECTOR = YES;
				GCC_WARN_UNINITIALIZED_AUTOS = YES_AGGRESSIVE;
				GCC_WARN_UNUSED_FUNCTION = YES;
				GCC_WARN_UNUSED_VARIABLE = YES;
				IPHONEOS_DEPLOYMENT_TARGET = 9.0;
				MTL_ENABLE_DEBUG_INFO = NO;
				SDKROOT = iphoneos;
				SWIFT_OBJC_BRIDGING_HEADER = "Inspect-Bridging-Header.h";
				TARGETED_DEVICE_FAMILY = "1,2";
				VALIDATE_PRODUCT = YES;
			};
			name = Release;
		};
		BB46EB8F1C3046B300E156E9 /* Debug */ = {
			isa = XCBuildConfiguration;
			buildSettings = {
				ASSETCATALOG_COMPILER_APPICON_NAME = AppIcon;
				CODE_SIGN_ENTITLEMENTS = Inspect/Inspect.entitlements;
				CODE_SIGN_IDENTITY = "iPhone Developer";
				"CODE_SIGN_IDENTITY[sdk=iphoneos*]" = "iPhone Developer";
				CURRENT_PROJECT_VERSION = 11;
				DEBUG_INFORMATION_FORMAT = "dwarf-with-dsym";
				EMBEDDED_CONTENT_CONTAINS_SWIFT = YES;
				FRAMEWORK_SEARCH_PATHS = (
					"$(inherited)",
					"$(PROJECT_DIR)/Carthage/Build/iOS",
					"$(PROJECT_DIR)",
					"$(PROJECT_DIR)/Dependencies/HockeySDK-iOS/HockeySDK.embeddedframework",
					"$(PROJECT_DIR)/Dependencies",
				);
				INFOPLIST_FILE = Inspect/Info.plist;
				LD_RUNPATH_SEARCH_PATHS = "$(inherited) @executable_path/Frameworks";
				PRODUCT_BUNDLE_IDENTIFIER = in.fourplex.Inspect;
				PRODUCT_NAME = "$(TARGET_NAME)";
				PROVISIONING_PROFILE = "";
				TARGETED_DEVICE_FAMILY = "1,2";
				VERSIONING_SYSTEM = "apple-generic";
			};
			name = Debug;
		};
		BB46EB901C3046B300E156E9 /* Release */ = {
			isa = XCBuildConfiguration;
			buildSettings = {
				ASSETCATALOG_COMPILER_APPICON_NAME = AppIcon;
				CODE_SIGN_ENTITLEMENTS = Inspect/Inspect.entitlements;
				CODE_SIGN_IDENTITY = "iPhone Developer";
				"CODE_SIGN_IDENTITY[sdk=iphoneos*]" = "iPhone Developer";
				CURRENT_PROJECT_VERSION = 11;
				DEBUG_INFORMATION_FORMAT = "dwarf-with-dsym";
				EMBEDDED_CONTENT_CONTAINS_SWIFT = YES;
				FRAMEWORK_SEARCH_PATHS = (
					"$(inherited)",
					"$(PROJECT_DIR)/Carthage/Build/iOS",
					"$(PROJECT_DIR)",
					"$(PROJECT_DIR)/Dependencies/HockeySDK-iOS/HockeySDK.embeddedframework",
					"$(PROJECT_DIR)/Dependencies",
				);
				INFOPLIST_FILE = Inspect/Info.plist;
				LD_RUNPATH_SEARCH_PATHS = "$(inherited) @executable_path/Frameworks";
				PRODUCT_BUNDLE_IDENTIFIER = in.fourplex.Inspect;
				PRODUCT_NAME = "$(TARGET_NAME)";
				PROVISIONING_PROFILE = "";
				TARGETED_DEVICE_FAMILY = "1,2";
				VERSIONING_SYSTEM = "apple-generic";
			};
			name = Release;
		};
		BB46EB921C3046B300E156E9 /* Debug */ = {
			isa = XCBuildConfiguration;
			buildSettings = {
				BUNDLE_LOADER = "$(TEST_HOST)";
				CLANG_ENABLE_MODULES = YES;
				FRAMEWORK_SEARCH_PATHS = (
					"$(inherited)",
					"$(PROJECT_DIR)/Carthage/Build/iOS",
				);
				INFOPLIST_FILE = InspectTests/Info.plist;
				LD_RUNPATH_SEARCH_PATHS = "$(inherited) @executable_path/Frameworks @loader_path/Frameworks";
				PRODUCT_BUNDLE_IDENTIFIER = in.fourplex.InspectTests;
				PRODUCT_NAME = "$(TARGET_NAME)";
				SWIFT_OPTIMIZATION_LEVEL = "-Onone";
				TEST_HOST = "$(BUILT_PRODUCTS_DIR)/Inspect.app/Inspect";
			};
			name = Debug;
		};
		BB46EB931C3046B300E156E9 /* Release */ = {
			isa = XCBuildConfiguration;
			buildSettings = {
				BUNDLE_LOADER = "$(TEST_HOST)";
				CLANG_ENABLE_MODULES = YES;
				FRAMEWORK_SEARCH_PATHS = (
					"$(inherited)",
					"$(PROJECT_DIR)/Carthage/Build/iOS",
				);
				INFOPLIST_FILE = InspectTests/Info.plist;
				LD_RUNPATH_SEARCH_PATHS = "$(inherited) @executable_path/Frameworks @loader_path/Frameworks";
				PRODUCT_BUNDLE_IDENTIFIER = in.fourplex.InspectTests;
				PRODUCT_NAME = "$(TARGET_NAME)";
				TEST_HOST = "$(BUILT_PRODUCTS_DIR)/Inspect.app/Inspect";
			};
			name = Release;
		};
		BB46EBA41C30492B00E156E9 /* Debug */ = {
			isa = XCBuildConfiguration;
			buildSettings = {
				ASSETCATALOG_COMPILER_APPICON_NAME = ExtensionIcon;
				CLANG_ENABLE_MODULES = YES;
				CODE_SIGN_ENTITLEMENTS = Certificate/Certificate.entitlements;
				CODE_SIGN_IDENTITY = "iPhone Developer";
				"CODE_SIGN_IDENTITY[sdk=iphoneos*]" = "iPhone Developer";
				CURRENT_PROJECT_VERSION = 11;
				FRAMEWORK_SEARCH_PATHS = (
					"$(inherited)",
					"$(PROJECT_DIR)/Carthage/Build/iOS",
					"$(PROJECT_DIR)",
					"$(PROJECT_DIR)/Dependencies/HockeySDK-iOS/HockeySDK.embeddedframework",
					"$(PROJECT_DIR)/Dependencies",
				);
				INFOPLIST_FILE = Certificate/Info.plist;
				LD_RUNPATH_SEARCH_PATHS = "$(inherited) @executable_path/Frameworks @executable_path/../../Frameworks";
				PRODUCT_BUNDLE_IDENTIFIER = in.fourplex.Inspect.Certificate;
				PRODUCT_NAME = "$(TARGET_NAME)";
				PROVISIONING_PROFILE = "";
				SKIP_INSTALL = YES;
				SWIFT_OPTIMIZATION_LEVEL = "-Onone";
				VERSIONING_SYSTEM = "apple-generic";
			};
			name = Debug;
		};
		BB46EBA51C30492B00E156E9 /* Release */ = {
			isa = XCBuildConfiguration;
			buildSettings = {
				ASSETCATALOG_COMPILER_APPICON_NAME = ExtensionIcon;
				CLANG_ENABLE_MODULES = YES;
				CODE_SIGN_ENTITLEMENTS = Certificate/Certificate.entitlements;
				CODE_SIGN_IDENTITY = "iPhone Developer";
				"CODE_SIGN_IDENTITY[sdk=iphoneos*]" = "iPhone Developer";
				CURRENT_PROJECT_VERSION = 11;
				FRAMEWORK_SEARCH_PATHS = (
					"$(inherited)",
					"$(PROJECT_DIR)/Carthage/Build/iOS",
					"$(PROJECT_DIR)",
					"$(PROJECT_DIR)/Dependencies/HockeySDK-iOS/HockeySDK.embeddedframework",
					"$(PROJECT_DIR)/Dependencies",
				);
				INFOPLIST_FILE = Certificate/Info.plist;
				LD_RUNPATH_SEARCH_PATHS = "$(inherited) @executable_path/Frameworks @executable_path/../../Frameworks";
				PRODUCT_BUNDLE_IDENTIFIER = in.fourplex.Inspect.Certificate;
				PRODUCT_NAME = "$(TARGET_NAME)";
				PROVISIONING_PROFILE = "";
				SKIP_INSTALL = YES;
				VERSIONING_SYSTEM = "apple-generic";
			};
			name = Release;
		};
/* End XCBuildConfiguration section */

/* Begin XCConfigurationList section */
		BB46EB6C1C3046B300E156E9 /* Build configuration list for PBXProject "Inspect" */ = {
			isa = XCConfigurationList;
			buildConfigurations = (
				BB46EB8C1C3046B300E156E9 /* Debug */,
				BB46EB8D1C3046B300E156E9 /* Release */,
			);
			defaultConfigurationIsVisible = 0;
			defaultConfigurationName = Release;
		};
		BB46EB8E1C3046B300E156E9 /* Build configuration list for PBXNativeTarget "Inspect" */ = {
			isa = XCConfigurationList;
			buildConfigurations = (
				BB46EB8F1C3046B300E156E9 /* Debug */,
				BB46EB901C3046B300E156E9 /* Release */,
			);
			defaultConfigurationIsVisible = 0;
			defaultConfigurationName = Release;
		};
		BB46EB911C3046B300E156E9 /* Build configuration list for PBXNativeTarget "InspectTests" */ = {
			isa = XCConfigurationList;
			buildConfigurations = (
				BB46EB921C3046B300E156E9 /* Debug */,
				BB46EB931C3046B300E156E9 /* Release */,
			);
			defaultConfigurationIsVisible = 0;
			defaultConfigurationName = Release;
		};
		BB46EBA31C30492B00E156E9 /* Build configuration list for PBXNativeTarget "Certificate" */ = {
			isa = XCConfigurationList;
			buildConfigurations = (
				BB46EBA41C30492B00E156E9 /* Debug */,
				BB46EBA51C30492B00E156E9 /* Release */,
			);
			defaultConfigurationIsVisible = 0;
			defaultConfigurationName = Release;
		};
/* End XCConfigurationList section */
	};
	rootObject = BB46EB691C3046B300E156E9 /* Project object */;
}
